// !$*UTF8*$!
{
	archiveVersion = 1;
	classes = {
	};
	objectVersion = 77;
	objects = {

/* Begin PBXContainerItemProxy section */
		DA3B2B172D22B1F000222511 /* PBXContainerItemProxy */ = {
			isa = PBXContainerItemProxy;
			containerPortal = DA3B2AF92D22B1EE00222511 /* Project object */;
			proxyType = 1;
			remoteGlobalIDString = DA3B2B002D22B1EE00222511;
			remoteInfo = hiit_timer;
		};
		DA3B2B212D22B1F000222511 /* PBXContainerItemProxy */ = {
			isa = PBXContainerItemProxy;
			containerPortal = DA3B2AF92D22B1EE00222511 /* Project object */;
			proxyType = 1;
			remoteGlobalIDString = DA3B2B002D22B1EE00222511;
			remoteInfo = hiit_timer;
		};
/* End PBXContainerItemProxy section */

/* Begin PBXFileReference section */
		DA3B2B012D22B1EE00222511 /* hiit_timer.app */ = {isa = PBXFileReference; explicitFileType = wrapper.application; includeInIndex = 0; path = hiit_timer.app; sourceTree = BUILT_PRODUCTS_DIR; };
		DA3B2B162D22B1F000222511 /* hiit_timerTests.xctest */ = {isa = PBXFileReference; explicitFileType = wrapper.cfbundle; includeInIndex = 0; path = hiit_timerTests.xctest; sourceTree = BUILT_PRODUCTS_DIR; };
		DA3B2B202D22B1F000222511 /* hiit_timerUITests.xctest */ = {isa = PBXFileReference; explicitFileType = wrapper.cfbundle; includeInIndex = 0; path = hiit_timerUITests.xctest; sourceTree = BUILT_PRODUCTS_DIR; };
/* End PBXFileReference section */

/* Begin PBXFileSystemSynchronizedRootGroup section */
		DA3B2B032D22B1EE00222511 /* hiit_timer */ = {
			isa = PBXFileSystemSynchronizedRootGroup;
			path = hiit_timer;
			sourceTree = "<group>";
		};
		DA3B2B192D22B1F000222511 /* hiit_timerTests */ = {
			isa = PBXFileSystemSynchronizedRootGroup;
			path = hiit_timerTests;
			sourceTree = "<group>";
		};
		DA3B2B232D22B1F000222511 /* hiit_timerUITests */ = {
			isa = PBXFileSystemSynchronizedRootGroup;
			path = hiit_timerUITests;
			sourceTree = "<group>";
		};
/* End PBXFileSystemSynchronizedRootGroup section */

/* Begin PBXFrameworksBuildPhase section */
		DA3B2AFE2D22B1EE00222511 /* Frameworks */ = {
			isa = PBXFrameworksBuildPhase;
			buildActionMask = 2147483647;
			files = (
			);
			runOnlyForDeploymentPostprocessing = 0;
		};
		DA3B2B132D22B1F000222511 /* Frameworks */ = {
			isa = PBXFrameworksBuildPhase;
			buildActionMask = 2147483647;
			files = (
			);
			runOnlyForDeploymentPostprocessing = 0;
		};
		DA3B2B1D2D22B1F000222511 /* Frameworks */ = {
			isa = PBXFrameworksBuildPhase;
			buildActionMask = 2147483647;
			files = (
			);
			runOnlyForDeploymentPostprocessing = 0;
		};
/* End PBXFrameworksBuildPhase section */

/* Begin PBXGroup section */
		DA3B2AF82D22B1EE00222511 = {
			isa = PBXGroup;
			children = (
				DA3B2B032D22B1EE00222511 /* hiit_timer */,
				DA3B2B192D22B1F000222511 /* hiit_timerTests */,
				DA3B2B232D22B1F000222511 /* hiit_timerUITests */,
				DA3B2B022D22B1EE00222511 /* Products */,
			);
			sourceTree = "<group>";
		};
		DA3B2B022D22B1EE00222511 /* Products */ = {
			isa = PBXGroup;
			children = (
				DA3B2B012D22B1EE00222511 /* hiit_timer.app */,
				DA3B2B162D22B1F000222511 /* hiit_timerTests.xctest */,
				DA3B2B202D22B1F000222511 /* hiit_timerUITests.xctest */,
			);
			name = Products;
			sourceTree = "<group>";
		};
/* End PBXGroup section */

/* Begin PBXNativeTarget section */
		DA3B2B002D22B1EE00222511 /* hiit_timer */ = {
			isa = PBXNativeTarget;
			buildConfigurationList = DA3B2B2A2D22B1F000222511 /* Build configuration list for PBXNativeTarget "hiit_timer" */;
			buildPhases = (
				DA3B2AFD2D22B1EE00222511 /* Sources */,
				DA3B2AFE2D22B1EE00222511 /* Frameworks */,
				DA3B2AFF2D22B1EE00222511 /* Resources */,
			);
			buildRules = (
			);
			dependencies = (
			);
			fileSystemSynchronizedGroups = (
				DA3B2B032D22B1EE00222511 /* hiit_timer */,
			);
			name = hiit_timer;
			packageProductDependencies = (
			);
			productName = hiit_timer;
			productReference = DA3B2B012D22B1EE00222511 /* hiit_timer.app */;
			productType = "com.apple.product-type.application";
		};
		DA3B2B152D22B1F000222511 /* hiit_timerTests */ = {
			isa = PBXNativeTarget;
			buildConfigurationList = DA3B2B2D2D22B1F000222511 /* Build configuration list for PBXNativeTarget "hiit_timerTests" */;
			buildPhases = (
				DA3B2B122D22B1F000222511 /* Sources */,
				DA3B2B132D22B1F000222511 /* Frameworks */,
				DA3B2B142D22B1F000222511 /* Resources */,
			);
			buildRules = (
			);
			dependencies = (
				DA3B2B182D22B1F000222511 /* PBXTargetDependency */,
			);
			fileSystemSynchronizedGroups = (
				DA3B2B192D22B1F000222511 /* hiit_timerTests */,
			);
			name = hiit_timerTests;
			packageProductDependencies = (
			);
			productName = hiit_timerTests;
			productReference = DA3B2B162D22B1F000222511 /* hiit_timerTests.xctest */;
			productType = "com.apple.product-type.bundle.unit-test";
		};
		DA3B2B1F2D22B1F000222511 /* hiit_timerUITests */ = {
			isa = PBXNativeTarget;
			buildConfigurationList = DA3B2B302D22B1F000222511 /* Build configuration list for PBXNativeTarget "hiit_timerUITests" */;
			buildPhases = (
				DA3B2B1C2D22B1F000222511 /* Sources */,
				DA3B2B1D2D22B1F000222511 /* Frameworks */,
				DA3B2B1E2D22B1F000222511 /* Resources */,
			);
			buildRules = (
			);
			dependencies = (
				DA3B2B222D22B1F000222511 /* PBXTargetDependency */,
			);
			fileSystemSynchronizedGroups = (
				DA3B2B232D22B1F000222511 /* hiit_timerUITests */,
			);
			name = hiit_timerUITests;
			packageProductDependencies = (
			);
			productName = hiit_timerUITests;
			productReference = DA3B2B202D22B1F000222511 /* hiit_timerUITests.xctest */;
			productType = "com.apple.product-type.bundle.ui-testing";
		};
/* End PBXNativeTarget section */

/* Begin PBXProject section */
		DA3B2AF92D22B1EE00222511 /* Project object */ = {
			isa = PBXProject;
			attributes = {
				BuildIndependentTargetsInParallel = 1;
				LastSwiftUpdateCheck = 1620;
				LastUpgradeCheck = 1620;
				TargetAttributes = {
					DA3B2B002D22B1EE00222511 = {
						CreatedOnToolsVersion = 16.2;
					};
					DA3B2B152D22B1F000222511 = {
						CreatedOnToolsVersion = 16.2;
						TestTargetID = DA3B2B002D22B1EE00222511;
					};
					DA3B2B1F2D22B1F000222511 = {
						CreatedOnToolsVersion = 16.2;
						TestTargetID = DA3B2B002D22B1EE00222511;
					};
				};
			};
			buildConfigurationList = DA3B2AFC2D22B1EE00222511 /* Build configuration list for PBXProject "hiit_timer" */;
			developmentRegion = en;
			hasScannedForEncodings = 0;
			knownRegions = (
				en,
				Base,
			);
			mainGroup = DA3B2AF82D22B1EE00222511;
			minimizedProjectReferenceProxies = 1;
			preferredProjectObjectVersion = 77;
			productRefGroup = DA3B2B022D22B1EE00222511 /* Products */;
			projectDirPath = "";
			projectRoot = "";
			targets = (
				DA3B2B002D22B1EE00222511 /* hiit_timer */,
				DA3B2B152D22B1F000222511 /* hiit_timerTests */,
				DA3B2B1F2D22B1F000222511 /* hiit_timerUITests */,
			);
		};
/* End PBXProject section */

/* Begin PBXResourcesBuildPhase section */
		DA3B2AFF2D22B1EE00222511 /* Resources */ = {
			isa = PBXResourcesBuildPhase;
			buildActionMask = 2147483647;
			files = (
			);
			runOnlyForDeploymentPostprocessing = 0;
		};
		DA3B2B142D22B1F000222511 /* Resources */ = {
			isa = PBXResourcesBuildPhase;
			buildActionMask = 2147483647;
			files = (
			);
			runOnlyForDeploymentPostprocessing = 0;
		};
		DA3B2B1E2D22B1F000222511 /* Resources */ = {
			isa = PBXResourcesBuildPhase;
			buildActionMask = 2147483647;
			files = (
			);
			runOnlyForDeploymentPostprocessing = 0;
		};
/* End PBXResourcesBuildPhase section */

/* Begin PBXSourcesBuildPhase section */
		DA3B2AFD2D22B1EE00222511 /* Sources */ = {
			isa = PBXSourcesBuildPhase;
			buildActionMask = 2147483647;
			files = (
			);
			runOnlyForDeploymentPostprocessing = 0;
		};
		DA3B2B122D22B1F000222511 /* Sources */ = {
			isa = PBXSourcesBuildPhase;
			buildActionMask = 2147483647;
			files = (
			);
			runOnlyForDeploymentPostprocessing = 0;
		};
		DA3B2B1C2D22B1F000222511 /* Sources */ = {
			isa = PBXSourcesBuildPhase;
			buildActionMask = 2147483647;
			files = (
			);
			runOnlyForDeploymentPostprocessing = 0;
		};
/* End PBXSourcesBuildPhase section */

/* Begin PBXTargetDependency section */
		DA3B2B182D22B1F000222511 /* PBXTargetDependency */ = {
			isa = PBXTargetDependency;
			target = DA3B2B002D22B1EE00222511 /* hiit_timer */;
			targetProxy = DA3B2B172D22B1F000222511 /* PBXContainerItemProxy */;
		};
		DA3B2B222D22B1F000222511 /* PBXTargetDependency */ = {
			isa = PBXTargetDependency;
			target = DA3B2B002D22B1EE00222511 /* hiit_timer */;
			targetProxy = DA3B2B212D22B1F000222511 /* PBXContainerItemProxy */;
		};
/* End PBXTargetDependency section */

/* Begin XCBuildConfiguration section */
		DA3B2B282D22B1F000222511 /* Debug */ = {
			isa = XCBuildConfiguration;
			buildSettings = {
				ALWAYS_SEARCH_USER_PATHS = NO;
				ASSETCATALOG_COMPILER_GENERATE_SWIFT_ASSET_SYMBOL_EXTENSIONS = YES;
				CLANG_ANALYZER_NONNULL = YES;
				CLANG_ANALYZER_NUMBER_OBJECT_CONVERSION = YES_AGGRESSIVE;
				CLANG_CXX_LANGUAGE_STANDARD = "gnu++20";
				CLANG_ENABLE_MODULES = YES;
				CLANG_ENABLE_OBJC_ARC = YES;
				CLANG_ENABLE_OBJC_WEAK = YES;
				CLANG_WARN_BLOCK_CAPTURE_AUTORELEASING = YES;
				CLANG_WARN_BOOL_CONVERSION = YES;
				CLANG_WARN_COMMA = YES;
				CLANG_WARN_CONSTANT_CONVERSION = YES;
				CLANG_WARN_DEPRECATED_OBJC_IMPLEMENTATIONS = YES;
				CLANG_WARN_DIRECT_OBJC_ISA_USAGE = YES_ERROR;
				CLANG_WARN_DOCUMENTATION_COMMENTS = YES;
				CLANG_WARN_EMPTY_BODY = YES;
				CLANG_WARN_ENUM_CONVERSION = YES;
				CLANG_WARN_INFINITE_RECURSION = YES;
				CLANG_WARN_INT_CONVERSION = YES;
				CLANG_WARN_NON_LITERAL_NULL_CONVERSION = YES;
				CLANG_WARN_OBJC_IMPLICIT_RETAIN_SELF = YES;
				CLANG_WARN_OBJC_LITERAL_CONVERSION = YES;
				CLANG_WARN_OBJC_ROOT_CLASS = YES_ERROR;
				CLANG_WARN_QUOTED_INCLUDE_IN_FRAMEWORK_HEADER = YES;
				CLANG_WARN_RANGE_LOOP_ANALYSIS = YES;
				CLANG_WARN_STRICT_PROTOTYPES = YES;
				CLANG_WARN_SUSPICIOUS_MOVE = YES;
				CLANG_WARN_UNGUARDED_AVAILABILITY = YES_AGGRESSIVE;
				CLANG_WARN_UNREACHABLE_CODE = YES;
				CLANG_WARN__DUPLICATE_METHOD_MATCH = YES;
				COPY_PHASE_STRIP = NO;
				DEBUG_INFORMATION_FORMAT = dwarf;
				ENABLE_STRICT_OBJC_MSGSEND = YES;
				ENABLE_TESTABILITY = YES;
				ENABLE_USER_SCRIPT_SANDBOXING = YES;
				GCC_C_LANGUAGE_STANDARD = gnu17;
				GCC_DYNAMIC_NO_PIC = NO;
				GCC_NO_COMMON_BLOCKS = YES;
				GCC_OPTIMIZATION_LEVEL = 0;
				GCC_PREPROCESSOR_DEFINITIONS = (
					"DEBUG=1",
					"$(inherited)",
				);
				GCC_WARN_64_TO_32_BIT_CONVERSION = YES;
				GCC_WARN_ABOUT_RETURN_TYPE = YES_ERROR;
				GCC_WARN_UNDECLARED_SELECTOR = YES;
				GCC_WARN_UNINITIALIZED_AUTOS = YES_AGGRESSIVE;
				GCC_WARN_UNUSED_FUNCTION = YES;
				GCC_WARN_UNUSED_VARIABLE = YES;
				IPHONEOS_DEPLOYMENT_TARGET = 18.2;
				LOCALIZATION_PREFERS_STRING_CATALOGS = YES;
				MTL_ENABLE_DEBUG_INFO = INCLUDE_SOURCE;
				MTL_FAST_MATH = YES;
				ONLY_ACTIVE_ARCH = YES;
				SDKROOT = iphoneos;
				SWIFT_ACTIVE_COMPILATION_CONDITIONS = "DEBUG $(inherited)";
				SWIFT_OPTIMIZATION_LEVEL = "-Onone";
			};
			name = Debug;
		};
		DA3B2B292D22B1F000222511 /* Release */ = {
			isa = XCBuildConfiguration;
			buildSettings = {
				ALWAYS_SEARCH_USER_PATHS = NO;
				ASSETCATALOG_COMPILER_GENERATE_SWIFT_ASSET_SYMBOL_EXTENSIONS = YES;
				CLANG_ANALYZER_NONNULL = YES;
				CLANG_ANALYZER_NUMBER_OBJECT_CONVERSION = YES_AGGRESSIVE;
				CLANG_CXX_LANGUAGE_STANDARD = "gnu++20";
				CLANG_ENABLE_MODULES = YES;
				CLANG_ENABLE_OBJC_ARC = YES;
				CLANG_ENABLE_OBJC_WEAK = YES;
				CLANG_WARN_BLOCK_CAPTURE_AUTORELEASING = YES;
				CLANG_WARN_BOOL_CONVERSION = YES;
				CLANG_WARN_COMMA = YES;
				CLANG_WARN_CONSTANT_CONVERSION = YES;
				CLANG_WARN_DEPRECATED_OBJC_IMPLEMENTATIONS = YES;
				CLANG_WARN_DIRECT_OBJC_ISA_USAGE = YES_ERROR;
				CLANG_WARN_DOCUMENTATION_COMMENTS = YES;
				CLANG_WARN_EMPTY_BODY = YES;
				CLANG_WARN_ENUM_CONVERSION = YES;
				CLANG_WARN_INFINITE_RECURSION = YES;
				CLANG_WARN_INT_CONVERSION = YES;
				CLANG_WARN_NON_LITERAL_NULL_CONVERSION = YES;
				CLANG_WARN_OBJC_IMPLICIT_RETAIN_SELF = YES;
				CLANG_WARN_OBJC_LITERAL_CONVERSION = YES;
				CLANG_WARN_OBJC_ROOT_CLASS = YES_ERROR;
				CLANG_WARN_QUOTED_INCLUDE_IN_FRAMEWORK_HEADER = YES;
				CLANG_WARN_RANGE_LOOP_ANALYSIS = YES;
				CLANG_WARN_STRICT_PROTOTYPES = YES;
				CLANG_WARN_SUSPICIOUS_MOVE = YES;
				CLANG_WARN_UNGUARDED_AVAILABILITY = YES_AGGRESSIVE;
				CLANG_WARN_UNREACHABLE_CODE = YES;
				CLANG_WARN__DUPLICATE_METHOD_MATCH = YES;
				COPY_PHASE_STRIP = NO;
				DEBUG_INFORMATION_FORMAT = "dwarf-with-dsym";
				ENABLE_NS_ASSERTIONS = NO;
				ENABLE_STRICT_OBJC_MSGSEND = YES;
				ENABLE_USER_SCRIPT_SANDBOXING = YES;
				GCC_C_LANGUAGE_STANDARD = gnu17;
				GCC_NO_COMMON_BLOCKS = YES;
				GCC_WARN_64_TO_32_BIT_CONVERSION = YES;
				GCC_WARN_ABOUT_RETURN_TYPE = YES_ERROR;
				GCC_WARN_UNDECLARED_SELECTOR = YES;
				GCC_WARN_UNINITIALIZED_AUTOS = YES_AGGRESSIVE;
				GCC_WARN_UNUSED_FUNCTION = YES;
				GCC_WARN_UNUSED_VARIABLE = YES;
				IPHONEOS_DEPLOYMENT_TARGET = 18.2;
				LOCALIZATION_PREFERS_STRING_CATALOGS = YES;
				MTL_ENABLE_DEBUG_INFO = NO;
				MTL_FAST_MATH = YES;
				SDKROOT = iphoneos;
				SWIFT_COMPILATION_MODE = wholemodule;
				VALIDATE_PRODUCT = YES;
			};
			name = Release;
		};
		DA3B2B2B2D22B1F000222511 /* Debug */ = {
			isa = XCBuildConfiguration;
			buildSettings = {
				ASSETCATALOG_COMPILER_APPICON_NAME = AppIcon;
				ASSETCATALOG_COMPILER_GLOBAL_ACCENT_COLOR_NAME = AccentColor;
				CODE_SIGN_STYLE = Automatic;
				CURRENT_PROJECT_VERSION = 1;
				DEVELOPMENT_ASSET_PATHS = "\"hiit_timer/Preview Content\"";
				ENABLE_PREVIEWS = YES;
				GENERATE_INFOPLIST_FILE = YES;
				INFOPLIST_KEY_UIApplicationSceneManifest_Generation = YES;
				INFOPLIST_KEY_UIApplicationSupportsIndirectInputEvents = YES;
				INFOPLIST_KEY_UILaunchScreen_Generation = YES;
				INFOPLIST_KEY_UISupportedInterfaceOrientations_iPad = "UIInterfaceOrientationPortrait UIInterfaceOrientationPortraitUpsideDown UIInterfaceOrientationLandscapeLeft UIInterfaceOrientationLandscapeRight";
				INFOPLIST_KEY_UISupportedInterfaceOrientations_iPhone = "UIInterfaceOrientationPortrait UIInterfaceOrientationLandscapeLeft UIInterfaceOrientationLandscapeRight";
				LD_RUNPATH_SEARCH_PATHS = (
					"$(inherited)",
					"@executable_path/Frameworks",
				);
				MARKETING_VERSION = 1.0;
				PRODUCT_BUNDLE_IDENTIFIER = "pnfb.hiit-timer";
				PRODUCT_NAME = "$(TARGET_NAME)";
				SWIFT_EMIT_LOC_STRINGS = YES;
				SWIFT_VERSION = 5.0;
				TARGETED_DEVICE_FAMILY = "1,2";
			};
			name = Debug;
		};
		DA3B2B2C2D22B1F000222511 /* Release */ = {
			isa = XCBuildConfiguration;
			buildSettings = {
				ASSETCATALOG_COMPILER_APPICON_NAME = AppIcon;
				ASSETCATALOG_COMPILER_GLOBAL_ACCENT_COLOR_NAME = AccentColor;
				CODE_SIGN_STYLE = Automatic;
				CURRENT_PROJECT_VERSION = 1;
				DEVELOPMENT_ASSET_PATHS = "\"hiit_timer/Preview Content\"";
				ENABLE_PREVIEWS = YES;
				GENERATE_INFOPLIST_FILE = YES;
				INFOPLIST_KEY_UIApplicationSceneManifest_Generation = YES;
				INFOPLIST_KEY_UIApplicationSupportsIndirectInputEvents = YES;
				INFOPLIST_KEY_UILaunchScreen_Generation = YES;
				INFOPLIST_KEY_UISupportedInterfaceOrientations_iPad = "UIInterfaceOrientationPortrait UIInterfaceOrientationPortraitUpsideDown UIInterfaceOrientationLandscapeLeft UIInterfaceOrientationLandscapeRight";
				INFOPLIST_KEY_UISupportedInterfaceOrientations_iPhone = "UIInterfaceOrientationPortrait UIInterfaceOrientationLandscapeLeft UIInterfaceOrientationLandscapeRight";
				LD_RUNPATH_SEARCH_PATHS = (
					"$(inherited)",
					"@executable_path/Frameworks",
				);
				MARKETING_VERSION = 1.0;
				PRODUCT_BUNDLE_IDENTIFIER = "pnfb.hiit-timer";
				PRODUCT_NAME = "$(TARGET_NAME)";
				SWIFT_EMIT_LOC_STRINGS = YES;
				SWIFT_VERSION = 5.0;
				TARGETED_DEVICE_FAMILY = "1,2";
			};
			name = Release;
		};
		DA3B2B2E2D22B1F000222511 /* Debug */ = {
			isa = XCBuildConfiguration;
			buildSettings = {
				BUNDLE_LOADER = "$(TEST_HOST)";
				CODE_SIGN_STYLE = Automatic;
				CURRENT_PROJECT_VERSION = 1;
				GENERATE_INFOPLIST_FILE = YES;
				IPHONEOS_DEPLOYMENT_TARGET = 18.2;
				MARKETING_VERSION = 1.0;
				PRODUCT_BUNDLE_IDENTIFIER = "pnfb.hiit-timerTests";
				PRODUCT_NAME = "$(TARGET_NAME)";
				SWIFT_EMIT_LOC_STRINGS = NO;
				SWIFT_VERSION = 5.0;
				TARGETED_DEVICE_FAMILY = "1,2";
				TEST_HOST = "$(BUILT_PRODUCTS_DIR)/hiit_timer.app/$(BUNDLE_EXECUTABLE_FOLDER_PATH)/hiit_timer";
			};
			name = Debug;
		};
		DA3B2B2F2D22B1F000222511 /* Release */ = {
			isa = XCBuildConfiguration;
			buildSettings = {
				BUNDLE_LOADER = "$(TEST_HOST)";
				CODE_SIGN_STYLE = Automatic;
				CURRENT_PROJECT_VERSION = 1;
				GENERATE_INFOPLIST_FILE = YES;
				IPHONEOS_DEPLOYMENT_TARGET = 18.2;
				MARKETING_VERSION = 1.0;
				PRODUCT_BUNDLE_IDENTIFIER = "pnfb.hiit-timerTests";
				PRODUCT_NAME = "$(TARGET_NAME)";
				SWIFT_EMIT_LOC_STRINGS = NO;
				SWIFT_VERSION = 5.0;
				TARGETED_DEVICE_FAMILY = "1,2";
				TEST_HOST = "$(BUILT_PRODUCTS_DIR)/hiit_timer.app/$(BUNDLE_EXECUTABLE_FOLDER_PATH)/hiit_timer";
			};
			name = Release;
		};
		DA3B2B312D22B1F000222511 /* Debug */ = {
			isa = XCBuildConfiguration;
			buildSettings = {
				CODE_SIGN_STYLE = Automatic;
				CURRENT_PROJECT_VERSION = 1;
				GENERATE_INFOPLIST_FILE = YES;
				MARKETING_VERSION = 1.0;
				PRODUCT_BUNDLE_IDENTIFIER = "pnfb.hiit-timerUITests";
				PRODUCT_NAME = "$(TARGET_NAME)";
				SWIFT_EMIT_LOC_STRINGS = NO;
				SWIFT_VERSION = 5.0;
				TARGETED_DEVICE_FAMILY = "1,2";
				TEST_TARGET_NAME = hiit_timer;
			};
			name = Debug;
		};
		DA3B2B322D22B1F000222511 /* Release */ = {
			isa = XCBuildConfiguration;
			buildSettings = {
				CODE_SIGN_STYLE = Automatic;
				CURRENT_PROJECT_VERSION = 1;
				GENERATE_INFOPLIST_FILE = YES;
				MARKETING_VERSION = 1.0;
				PRODUCT_BUNDLE_IDENTIFIER = "pnfb.hiit-timerUITests";
				PRODUCT_NAME = "$(TARGET_NAME)";
				SWIFT_EMIT_LOC_STRINGS = NO;
				SWIFT_VERSION = 5.0;
				TARGETED_DEVICE_FAMILY = "1,2";
				TEST_TARGET_NAME = hiit_timer;
			};
			name = Release;
		};
/* End XCBuildConfiguration section */

/* Begin XCConfigurationList section */
		DA3B2AFC2D22B1EE00222511 /* Build configuration list for PBXProject "hiit_timer" */ = {
			isa = XCConfigurationList;
			buildConfigurations = (
				DA3B2B282D22B1F000222511 /* Debug */,
				DA3B2B292D22B1F000222511 /* Release */,
			);
			defaultConfigurationIsVisible = 0;
			defaultConfigurationName = Release;
		};
		DA3B2B2A2D22B1F000222511 /* Build configuration list for PBXNativeTarget "hiit_timer" */ = {
			isa = XCConfigurationList;
			buildConfigurations = (
				DA3B2B2B2D22B1F000222511 /* Debug */,
				DA3B2B2C2D22B1F000222511 /* Release */,
			);
			defaultConfigurationIsVisible = 0;
			defaultConfigurationName = Release;
		};
		DA3B2B2D2D22B1F000222511 /* Build configuration list for PBXNativeTarget "hiit_timerTests" */ = {
			isa = XCConfigurationList;
			buildConfigurations = (
				DA3B2B2E2D22B1F000222511 /* Debug */,
				DA3B2B2F2D22B1F000222511 /* Release */,
			);
			defaultConfigurationIsVisible = 0;
			defaultConfigurationName = Release;
		};
		DA3B2B302D22B1F000222511 /* Build configuration list for PBXNativeTarget "hiit_timerUITests" */ = {
			isa = XCConfigurationList;
			buildConfigurations = (
				DA3B2B312D22B1F000222511 /* Debug */,
				DA3B2B322D22B1F000222511 /* Release */,
			);
			defaultConfigurationIsVisible = 0;
			defaultConfigurationName = Release;
		};
/* End XCConfigurationList section */
	};
	rootObject = DA3B2AF92D22B1EE00222511 /* Project object */;
}
